
Microsoft Visual Studio Solution File, Format Version 12.00
# Visual Studio Version 17
VisualStudioVersion = 17.14.36301.6 d17.14
MinimumVisualStudioVersion = 10.0.40219.1
Project("{FAE04EC0-301F-11D3-BF4B-00C04F79EFBC}") = "PlayerBadge", "PlayerBadge\PlayerBadge.csproj", "{DD0BF4BC-7AC3-48E3-A5C0-A397D2DDD434}"
EndProject
Global
	GlobalSection(SolutionConfigurationPlatforms) = preSolution
		Debug|Any CPU = Debug|Any CPU
		Release|Any CPU = Release|Any CPU
	EndGlobalSection
	GlobalSection(ProjectConfigurationPlatforms) = postSolution
		{DD0BF4BC-7AC3-48E3-A5C0-A397D2DDD434}.Debug|Any CPU.ActiveCfg = Debug|Any CPU
		{DD0BF4BC-7AC3-48E3-A5C0-A397D2DDD434}.Debug|Any CPU.Build.0 = Debug|Any CPU
		{DD0BF4BC-7AC3-48E3-A5C0-A397D2DDD434}.Release|Any CPU.ActiveCfg = Release|Any CPU
		{DD0BF4BC-7AC3-48E3-A5C0-A397D2DDD434}.Release|Any CPU.Build.0 = Release|Any CPU
	EndGlobalSection
	GlobalSection(SolutionProperties) = preSolution
		HideSolutionNode = FALSE
	EndGlobalSection
	GlobalSection(ExtensibilityGlobals) = postSolution
		SolutionGuid = {4B5E4C89-798C-40FB-A63C-8BE340DF764E}
	EndGlobalSection
EndGlobal
